
Microsoft Visual Studio Solution File, Format Version 12.00
# Visual Studio Version 16
VisualStudioVersion = 16.0.31702.278
MinimumVisualStudioVersion = 10.0.40219.1
Project("{FAE04EC0-301F-11D3-BF4B-00C04F79EFBC}") = "PasswordsProtector", "PasswordsProtector\PasswordsProtector.csproj", "{31B16060-4DF6-4C46-A923-5DD86A80460A}"
EndProject
Global
	GlobalSection(SolutionConfigurationPlatforms) = preSolution
		Debug|Any CPU = Debug|Any CPU
		Release|Any CPU = Release|Any CPU
	EndGlobalSection
	GlobalSection(ProjectConfigurationPlatforms) = postSolution
		{31B16060-4DF6-4C46-A923-5DD86A80460A}.Debug|Any CPU.ActiveCfg = Debug|Any CPU
		{31B16060-4DF6-4C46-A923-5DD86A80460A}.Debug|Any CPU.Build.0 = Debug|Any CPU
		{31B16060-4DF6-4C46-A923-5DD86A80460A}.Release|Any CPU.ActiveCfg = Release|Any CPU
		{31B16060-4DF6-4C46-A923-5DD86A80460A}.Release|Any CPU.Build.0 = Release|Any CPU
	EndGlobalSection
	GlobalSection(SolutionProperties) = preSolution
		HideSolutionNode = FALSE
	EndGlobalSection
	GlobalSection(ExtensibilityGlobals) = postSolution
		SolutionGuid = {FFE8ABED-B832-49E4-ADC4-51A9FBF87679}
	EndGlobalSection
EndGlobal
